
Microsoft Visual Studio Solution File, Format Version 12.00
# Visual Studio Version 17
VisualStudioVersion = 17.0.31903.59
MinimumVisualStudioVersion = 10.0.40219.1
Project("{FAE04EC0-301F-11D3-BF4B-00C04F79EFBC}") = "Host", "src\Host\Host.csproj", "{EC126876-BA22-4E15-9C9D-8E70A0C7061F}"
EndProject
Project("{FAE04EC0-301F-11D3-BF4B-00C04F79EFBC}") = "Core", "src\Core\Core.csproj", "{ECD69AD5-26D2-4ADE-9944-C8929B9E7106}"
EndProject
Project("{FAE04EC0-301F-11D3-BF4B-00C04F79EFBC}") = "Application", "src\Application\Application.csproj", "{DEEFC056-078B-4C66-8D6D-E270675B53D2}"
EndProject
Project("{FAE04EC0-301F-11D3-BF4B-00C04F79EFBC}") = "Application.ML", "src\Application.ML\Application.ML.csproj", "{629111E1-06EB-4FF0-968A-CAF4886C48C8}"
EndProject
Project("{FAE04EC0-301F-11D3-BF4B-00C04F79EFBC}") = "Api", "src\Api\Api.csproj", "{3D870252-6E57-4ABE-8B1A-241455659BFA}"
EndProject
Project("{FAE04EC0-301F-11D3-BF4B-00C04F79EFBC}") = "Persistence", "src\Persistence\Persistence.csproj", "{AD2539E4-449A-4687-9AAC-435274D6EABB}"
EndProject
Global
	GlobalSection(SolutionConfigurationPlatforms) = preSolution
		Debug|Any CPU = Debug|Any CPU
		Release|Any CPU = Release|Any CPU
	EndGlobalSection
	GlobalSection(SolutionProperties) = preSolution
		HideSolutionNode = FALSE
	EndGlobalSection
	GlobalSection(ProjectConfigurationPlatforms) = postSolution
		{EC126876-BA22-4E15-9C9D-8E70A0C7061F}.Debug|Any CPU.ActiveCfg = Debug|Any CPU
		{EC126876-BA22-4E15-9C9D-8E70A0C7061F}.Debug|Any CPU.Build.0 = Debug|Any CPU
		{EC126876-BA22-4E15-9C9D-8E70A0C7061F}.Release|Any CPU.ActiveCfg = Release|Any CPU
		{EC126876-BA22-4E15-9C9D-8E70A0C7061F}.Release|Any CPU.Build.0 = Release|Any CPU
		{ECD69AD5-26D2-4ADE-9944-C8929B9E7106}.Debug|Any CPU.ActiveCfg = Debug|Any CPU
		{ECD69AD5-26D2-4ADE-9944-C8929B9E7106}.Debug|Any CPU.Build.0 = Debug|Any CPU
		{ECD69AD5-26D2-4ADE-9944-C8929B9E7106}.Release|Any CPU.ActiveCfg = Release|Any CPU
		{ECD69AD5-26D2-4ADE-9944-C8929B9E7106}.Release|Any CPU.Build.0 = Release|Any CPU
		{DEEFC056-078B-4C66-8D6D-E270675B53D2}.Debug|Any CPU.ActiveCfg = Debug|Any CPU
		{DEEFC056-078B-4C66-8D6D-E270675B53D2}.Debug|Any CPU.Build.0 = Debug|Any CPU
		{DEEFC056-078B-4C66-8D6D-E270675B53D2}.Release|Any CPU.ActiveCfg = Release|Any CPU
		{DEEFC056-078B-4C66-8D6D-E270675B53D2}.Release|Any CPU.Build.0 = Release|Any CPU
		{629111E1-06EB-4FF0-968A-CAF4886C48C8}.Debug|Any CPU.ActiveCfg = Debug|Any CPU
		{629111E1-06EB-4FF0-968A-CAF4886C48C8}.Debug|Any CPU.Build.0 = Debug|Any CPU
		{629111E1-06EB-4FF0-968A-CAF4886C48C8}.Release|Any CPU.ActiveCfg = Release|Any CPU
		{629111E1-06EB-4FF0-968A-CAF4886C48C8}.Release|Any CPU.Build.0 = Release|Any CPU
		{3D870252-6E57-4ABE-8B1A-241455659BFA}.Debug|Any CPU.ActiveCfg = Debug|Any CPU
		{3D870252-6E57-4ABE-8B1A-241455659BFA}.Debug|Any CPU.Build.0 = Debug|Any CPU
		{3D870252-6E57-4ABE-8B1A-241455659BFA}.Release|Any CPU.ActiveCfg = Release|Any CPU
		{3D870252-6E57-4ABE-8B1A-241455659BFA}.Release|Any CPU.Build.0 = Release|Any CPU
		{AD2539E4-449A-4687-9AAC-435274D6EABB}.Debug|Any CPU.ActiveCfg = Debug|Any CPU
		{AD2539E4-449A-4687-9AAC-435274D6EABB}.Debug|Any CPU.Build.0 = Debug|Any CPU
		{AD2539E4-449A-4687-9AAC-435274D6EABB}.Release|Any CPU.ActiveCfg = Release|Any CPU
		{AD2539E4-449A-4687-9AAC-435274D6EABB}.Release|Any CPU.Build.0 = Release|Any CPU
	EndGlobalSection
EndGlobal
